
Microsoft Visual Studio Solution File, Format Version 12.00
# Visual Studio 2013
VisualStudioVersion = 12.0.21005.1
MinimumVisualStudioVersion = 10.0.40219.1
Project("{FAE04EC0-301F-11D3-BF4B-00C04F79EFBC}") = "UnitTestProject", "UnitTestProject\UnitTestProject.csproj", "{154355BF-653A-4455-8B6B-75ED903FBCFA}"
EndProject
Project("{FAE04EC0-301F-11D3-BF4B-00C04F79EFBC}") = "MainProject", "MainProject\MainProject.csproj", "{BD3A5339-0491-447D-AD97-8BBDE28032F2}"
EndProject
Project("{2150E333-8FDC-42A3-9474-1A3956D46DE8}") = "PPT", "PPT", "{9D93292B-69F9-490A-97F0-670CBE2C7DA1}"
	ProjectSection(SolutionItems) = preProject
		D:\SYSCOM\Tasks\20150302_MVC5Testing\MVC5 - Testing.pptx = D:\SYSCOM\Tasks\20150302_MVC5Testing\MVC5 - Testing.pptx
	EndProjectSection
EndProject
Global
	GlobalSection(SolutionConfigurationPlatforms) = preSolution
		Debug|Any CPU = Debug|Any CPU
		Release|Any CPU = Release|Any CPU
	EndGlobalSection
	GlobalSection(ProjectConfigurationPlatforms) = postSolution
		{154355BF-653A-4455-8B6B-75ED903FBCFA}.Debug|Any CPU.ActiveCfg = Debug|Any CPU
		{154355BF-653A-4455-8B6B-75ED903FBCFA}.Debug|Any CPU.Build.0 = Debug|Any CPU
		{154355BF-653A-4455-8B6B-75ED903FBCFA}.Release|Any CPU.ActiveCfg = Release|Any CPU
		{154355BF-653A-4455-8B6B-75ED903FBCFA}.Release|Any CPU.Build.0 = Release|Any CPU
		{BD3A5339-0491-447D-AD97-8BBDE28032F2}.Debug|Any CPU.ActiveCfg = Debug|Any CPU
		{BD3A5339-0491-447D-AD97-8BBDE28032F2}.Debug|Any CPU.Build.0 = Debug|Any CPU
		{BD3A5339-0491-447D-AD97-8BBDE28032F2}.Release|Any CPU.ActiveCfg = Release|Any CPU
		{BD3A5339-0491-447D-AD97-8BBDE28032F2}.Release|Any CPU.Build.0 = Release|Any CPU
	EndGlobalSection
	GlobalSection(SolutionProperties) = preSolution
		HideSolutionNode = FALSE
	EndGlobalSection
EndGlobal
